
Microsoft Visual Studio Solution File, Format Version 12.00
# Visual Studio 15
VisualStudioVersion = 15.0.26430.14
MinimumVisualStudioVersion = 10.0.40219.1
Project("{2150E333-8FDC-42A3-9474-1A3956D46DE8}") = "Rest", "Rest", "{A6C234D3-5400-4AE6-A614-C4BFF3DE7463}"
EndProject
Project("{FAE04EC0-301F-11D3-BF4B-00C04F79EFBC}") = "Yoshi.Rest", "src\Yoshi.Rest\Yoshi.Rest.csproj", "{C1C0E83E-DD9A-483E-9B3A-68012FDF3DA3}"
EndProject
Project("{FAE04EC0-301F-11D3-BF4B-00C04F79EFBC}") = "Yoshi.Rest.Model", "src\Yoshi.Rest.Model\Yoshi.Rest.Model.csproj", "{DC7051B7-2DA3-454C-9198-3F9DEC23EE06}"
EndProject
Project("{2150E333-8FDC-42A3-9474-1A3956D46DE8}") = "TaskLayer", "TaskLayer", "{8A8700EE-BA06-4757-8177-75FB6BCD03DE}"
EndProject
Project("{FAE04EC0-301F-11D3-BF4B-00C04F79EFBC}") = "Yoshi.TaskLayer", "src\Yoshi.TaskLayer\Yoshi.TaskLayer.csproj", "{A28E0AEF-CDA2-4CE8-AA2D-58386EB80E1E}"
EndProject
Project("{FAE04EC0-301F-11D3-BF4B-00C04F79EFBC}") = "Yoshi.TaskLayer.Model", "src\Yoshi.TaskLayer.Model\Yoshi.TaskLayer.Model.csproj", "{E9182D80-4AF9-4A54-B796-8C6E5C8BDB3B}"
EndProject
Project("{2150E333-8FDC-42A3-9474-1A3956D46DE8}") = "Core", "Core", "{026509BC-D59F-4FDE-9EFD-E1665943CA57}"
EndProject
Project("{FAE04EC0-301F-11D3-BF4B-00C04F79EFBC}") = "Yoshi.Infrastructure.Rest", "src\Yoshi.Infrastructure.Rest\Yoshi.Infrastructure.Rest.csproj", "{FCA75775-704B-4F42-A163-7E0F5F92B9CA}"
EndProject
Project("{2150E333-8FDC-42A3-9474-1A3956D46DE8}") = "QueryLayer", "QueryLayer", "{E8B51F40-ED5F-460C-8FF9-DC83A7A6FC61}"
EndProject
Project("{FAE04EC0-301F-11D3-BF4B-00C04F79EFBC}") = "Yoshi.QueryLayer", "src\Yoshi.QueryLayer\Yoshi.QueryLayer.csproj", "{F21C7BEE-DDA5-4805-910F-D9545AADEFF6}"
EndProject
Project("{FAE04EC0-301F-11D3-BF4B-00C04F79EFBC}") = "Yoshi.QueryLayer.Model", "src\Yoshi.QueryLayer.Model\Yoshi.QueryLayer.Model.csproj", "{B9382A24-C3C7-4E2C-AD95-C9AAE7A96AF1}"
EndProject
Project("{2150E333-8FDC-42A3-9474-1A3956D46DE8}") = "EntityLayer", "EntityLayer", "{82B466CD-60AF-402D-B520-6DFE1B1904C7}"
EndProject
Project("{FAE04EC0-301F-11D3-BF4B-00C04F79EFBC}") = "Yoshi.EntityLayer.Service", "src\Yoshi.EntityLayer.Service\Yoshi.EntityLayer.Service.csproj", "{72C80736-7B89-4F46-83D8-DF9203CA2C50}"
EndProject
Project("{FAE04EC0-301F-11D3-BF4B-00C04F79EFBC}") = "Yoshi.EntityLayer", "src\Yoshi.EntityLayer\Yoshi.EntityLayer.csproj", "{BA557834-263E-4FB6-B741-3B91170B4468}"
EndProject
Project("{FAE04EC0-301F-11D3-BF4B-00C04F79EFBC}") = "Yoshi.EntityLayer.Model", "src\Yoshi.EntityLayer.Model\Yoshi.EntityLayer.Model.csproj", "{9B08DBC4-2572-4C7D-A38F-194672CFD407}"
EndProject
Project("{FAE04EC0-301F-11D3-BF4B-00C04F79EFBC}") = "Yoshi.Infrastructure", "src\Yoshi.Infrastructure\Yoshi.Infrastructure.csproj", "{5D611FF8-FE98-4EB1-BEE3-01A3945525F9}"
EndProject
Project("{FAE04EC0-301F-11D3-BF4B-00C04F79EFBC}") = "Yoshi.Infrastructure.Security", "src\Yoshi.Infrastructure.Security\Yoshi.Infrastructure.Security.csproj", "{912A6875-FB80-4752-B5A1-0C1DA5ED5A15}"
EndProject
Global
	GlobalSection(SolutionConfigurationPlatforms) = preSolution
		Debug|Any CPU = Debug|Any CPU
		Release|Any CPU = Release|Any CPU
	EndGlobalSection
	GlobalSection(ProjectConfigurationPlatforms) = postSolution
		{C1C0E83E-DD9A-483E-9B3A-68012FDF3DA3}.Debug|Any CPU.ActiveCfg = Debug|Any CPU
		{C1C0E83E-DD9A-483E-9B3A-68012FDF3DA3}.Debug|Any CPU.Build.0 = Debug|Any CPU
		{C1C0E83E-DD9A-483E-9B3A-68012FDF3DA3}.Release|Any CPU.ActiveCfg = Release|Any CPU
		{C1C0E83E-DD9A-483E-9B3A-68012FDF3DA3}.Release|Any CPU.Build.0 = Release|Any CPU
		{DC7051B7-2DA3-454C-9198-3F9DEC23EE06}.Debug|Any CPU.ActiveCfg = Debug|Any CPU
		{DC7051B7-2DA3-454C-9198-3F9DEC23EE06}.Debug|Any CPU.Build.0 = Debug|Any CPU
		{DC7051B7-2DA3-454C-9198-3F9DEC23EE06}.Release|Any CPU.ActiveCfg = Release|Any CPU
		{DC7051B7-2DA3-454C-9198-3F9DEC23EE06}.Release|Any CPU.Build.0 = Release|Any CPU
		{A28E0AEF-CDA2-4CE8-AA2D-58386EB80E1E}.Debug|Any CPU.ActiveCfg = Debug|Any CPU
		{A28E0AEF-CDA2-4CE8-AA2D-58386EB80E1E}.Debug|Any CPU.Build.0 = Debug|Any CPU
		{A28E0AEF-CDA2-4CE8-AA2D-58386EB80E1E}.Release|Any CPU.ActiveCfg = Release|Any CPU
		{A28E0AEF-CDA2-4CE8-AA2D-58386EB80E1E}.Release|Any CPU.Build.0 = Release|Any CPU
		{E9182D80-4AF9-4A54-B796-8C6E5C8BDB3B}.Debug|Any CPU.ActiveCfg = Debug|Any CPU
		{E9182D80-4AF9-4A54-B796-8C6E5C8BDB3B}.Debug|Any CPU.Build.0 = Debug|Any CPU
		{E9182D80-4AF9-4A54-B796-8C6E5C8BDB3B}.Release|Any CPU.ActiveCfg = Release|Any CPU
		{E9182D80-4AF9-4A54-B796-8C6E5C8BDB3B}.Release|Any CPU.Build.0 = Release|Any CPU
		{FCA75775-704B-4F42-A163-7E0F5F92B9CA}.Debug|Any CPU.ActiveCfg = Debug|Any CPU
		{FCA75775-704B-4F42-A163-7E0F5F92B9CA}.Debug|Any CPU.Build.0 = Debug|Any CPU
		{FCA75775-704B-4F42-A163-7E0F5F92B9CA}.Release|Any CPU.ActiveCfg = Release|Any CPU
		{FCA75775-704B-4F42-A163-7E0F5F92B9CA}.Release|Any CPU.Build.0 = Release|Any CPU
		{F21C7BEE-DDA5-4805-910F-D9545AADEFF6}.Debug|Any CPU.ActiveCfg = Debug|Any CPU
		{F21C7BEE-DDA5-4805-910F-D9545AADEFF6}.Debug|Any CPU.Build.0 = Debug|Any CPU
		{F21C7BEE-DDA5-4805-910F-D9545AADEFF6}.Release|Any CPU.ActiveCfg = Release|Any CPU
		{F21C7BEE-DDA5-4805-910F-D9545AADEFF6}.Release|Any CPU.Build.0 = Release|Any CPU
		{B9382A24-C3C7-4E2C-AD95-C9AAE7A96AF1}.Debug|Any CPU.ActiveCfg = Debug|Any CPU
		{B9382A24-C3C7-4E2C-AD95-C9AAE7A96AF1}.Debug|Any CPU.Build.0 = Debug|Any CPU
		{B9382A24-C3C7-4E2C-AD95-C9AAE7A96AF1}.Release|Any CPU.ActiveCfg = Release|Any CPU
		{B9382A24-C3C7-4E2C-AD95-C9AAE7A96AF1}.Release|Any CPU.Build.0 = Release|Any CPU
		{72C80736-7B89-4F46-83D8-DF9203CA2C50}.Debug|Any CPU.ActiveCfg = Debug|Any CPU
		{72C80736-7B89-4F46-83D8-DF9203CA2C50}.Debug|Any CPU.Build.0 = Debug|Any CPU
		{72C80736-7B89-4F46-83D8-DF9203CA2C50}.Release|Any CPU.ActiveCfg = Release|Any CPU
		{72C80736-7B89-4F46-83D8-DF9203CA2C50}.Release|Any CPU.Build.0 = Release|Any CPU
		{BA557834-263E-4FB6-B741-3B91170B4468}.Debug|Any CPU.ActiveCfg = Debug|Any CPU
		{BA557834-263E-4FB6-B741-3B91170B4468}.Debug|Any CPU.Build.0 = Debug|Any CPU
		{BA557834-263E-4FB6-B741-3B91170B4468}.Release|Any CPU.ActiveCfg = Release|Any CPU
		{BA557834-263E-4FB6-B741-3B91170B4468}.Release|Any CPU.Build.0 = Release|Any CPU
		{9B08DBC4-2572-4C7D-A38F-194672CFD407}.Debug|Any CPU.ActiveCfg = Debug|Any CPU
		{9B08DBC4-2572-4C7D-A38F-194672CFD407}.Debug|Any CPU.Build.0 = Debug|Any CPU
		{9B08DBC4-2572-4C7D-A38F-194672CFD407}.Release|Any CPU.ActiveCfg = Release|Any CPU
		{9B08DBC4-2572-4C7D-A38F-194672CFD407}.Release|Any CPU.Build.0 = Release|Any CPU
		{5D611FF8-FE98-4EB1-BEE3-01A3945525F9}.Debug|Any CPU.ActiveCfg = Debug|Any CPU
		{5D611FF8-FE98-4EB1-BEE3-01A3945525F9}.Debug|Any CPU.Build.0 = Debug|Any CPU
		{5D611FF8-FE98-4EB1-BEE3-01A3945525F9}.Release|Any CPU.ActiveCfg = Release|Any CPU
		{5D611FF8-FE98-4EB1-BEE3-01A3945525F9}.Release|Any CPU.Build.0 = Release|Any CPU
		{912A6875-FB80-4752-B5A1-0C1DA5ED5A15}.Debug|Any CPU.ActiveCfg = Debug|Any CPU
		{912A6875-FB80-4752-B5A1-0C1DA5ED5A15}.Debug|Any CPU.Build.0 = Debug|Any CPU
		{912A6875-FB80-4752-B5A1-0C1DA5ED5A15}.Release|Any CPU.ActiveCfg = Release|Any CPU
		{912A6875-FB80-4752-B5A1-0C1DA5ED5A15}.Release|Any CPU.Build.0 = Release|Any CPU
	EndGlobalSection
	GlobalSection(SolutionProperties) = preSolution
		HideSolutionNode = FALSE
	EndGlobalSection
	GlobalSection(NestedProjects) = preSolution
		{C1C0E83E-DD9A-483E-9B3A-68012FDF3DA3} = {A6C234D3-5400-4AE6-A614-C4BFF3DE7463}
		{DC7051B7-2DA3-454C-9198-3F9DEC23EE06} = {A6C234D3-5400-4AE6-A614-C4BFF3DE7463}
		{A28E0AEF-CDA2-4CE8-AA2D-58386EB80E1E} = {8A8700EE-BA06-4757-8177-75FB6BCD03DE}
		{E9182D80-4AF9-4A54-B796-8C6E5C8BDB3B} = {8A8700EE-BA06-4757-8177-75FB6BCD03DE}
		{FCA75775-704B-4F42-A163-7E0F5F92B9CA} = {026509BC-D59F-4FDE-9EFD-E1665943CA57}
		{F21C7BEE-DDA5-4805-910F-D9545AADEFF6} = {E8B51F40-ED5F-460C-8FF9-DC83A7A6FC61}
		{B9382A24-C3C7-4E2C-AD95-C9AAE7A96AF1} = {E8B51F40-ED5F-460C-8FF9-DC83A7A6FC61}
		{72C80736-7B89-4F46-83D8-DF9203CA2C50} = {82B466CD-60AF-402D-B520-6DFE1B1904C7}
		{BA557834-263E-4FB6-B741-3B91170B4468} = {82B466CD-60AF-402D-B520-6DFE1B1904C7}
		{9B08DBC4-2572-4C7D-A38F-194672CFD407} = {82B466CD-60AF-402D-B520-6DFE1B1904C7}
		{5D611FF8-FE98-4EB1-BEE3-01A3945525F9} = {026509BC-D59F-4FDE-9EFD-E1665943CA57}
		{912A6875-FB80-4752-B5A1-0C1DA5ED5A15} = {026509BC-D59F-4FDE-9EFD-E1665943CA57}
	EndGlobalSection
EndGlobal
